
Microsoft Visual Studio Solution File, Format Version 11.00
# Visual Studio 2010
Project("{FAE04EC0-301F-11D3-BF4B-00C04F79EFBC}") = "score", "Assembly-CSharp.csproj", "{F637E5BF-5F5D-C2A2-092D-51E54639FEC4}"
EndProject
Global
	GlobalSection(SolutionConfigurationPlatforms) = preSolution
		Debug|Any CPU = Debug|Any CPU
		Release|Any CPU = Release|Any CPU
	EndGlobalSection
	GlobalSection(ProjectConfigurationPlatforms) = postSolution
		{F637E5BF-5F5D-C2A2-092D-51E54639FEC4}.Debug|Any CPU.ActiveCfg = Debug|Any CPU
		{F637E5BF-5F5D-C2A2-092D-51E54639FEC4}.Debug|Any CPU.Build.0 = Debug|Any CPU
		{F637E5BF-5F5D-C2A2-092D-51E54639FEC4}.Release|Any CPU.ActiveCfg = Release|Any CPU
		{F637E5BF-5F5D-C2A2-092D-51E54639FEC4}.Release|Any CPU.Build.0 = Release|Any CPU
	EndGlobalSection
	GlobalSection(SolutionProperties) = preSolution
		HideSolutionNode = FALSE
	EndGlobalSection
	GlobalSection(MonoDevelopProperties) = preSolution
		StartupItem = Assembly-CSharp.csproj
	EndGlobalSection
EndGlobal
